
Microsoft Visual Studio Solution File, Format Version 12.00
# Visual Studio Version 17
VisualStudioVersion = 17.14.36623.8 d17.14
MinimumVisualStudioVersion = 10.0.40219.1
Project("{FAE04EC0-301F-11D3-BF4B-00C04F79EFBC}") = "DataBaseA", "DataBaseA.csproj", "{84B38265-8217-4A29-BE76-A7D82B853B91}"
EndProject
Global
	GlobalSection(SolutionConfigurationPlatforms) = preSolution
		Debug|Any CPU = Debug|Any CPU
		Release|Any CPU = Release|Any CPU
	EndGlobalSection
	GlobalSection(ProjectConfigurationPlatforms) = postSolution
		{84B38265-8217-4A29-BE76-A7D82B853B91}.Debug|Any CPU.ActiveCfg = Debug|Any CPU
		{84B38265-8217-4A29-BE76-A7D82B853B91}.Debug|Any CPU.Build.0 = Debug|Any CPU
		{84B38265-8217-4A29-BE76-A7D82B853B91}.Release|Any CPU.ActiveCfg = Release|Any CPU
		{84B38265-8217-4A29-BE76-A7D82B853B91}.Release|Any CPU.Build.0 = Release|Any CPU
	EndGlobalSection
	GlobalSection(SolutionProperties) = preSolution
		HideSolutionNode = FALSE
	EndGlobalSection
	GlobalSection(ExtensibilityGlobals) = postSolution
		SolutionGuid = {C2B1065F-0656-42D8-8024-C5B896198201}
	EndGlobalSection
EndGlobal
